github.com/ansel1/merry/v2 v2.2.4 h1:IBZ92hAYeBNs5eH7RLZu+PKPNFvM5bg5wqUSzT4B1eM=
github.com/ansel1/merry/v2 v2.2.4/go.mod h1:Y2DW2wxhgIvg5QpPThP+9Qy4SmONPQtx0uDawnUnFXo=
github.com/bobg/go-generics/v4 v4.2.0 h1:c3eX8rlFCRrxFnUepwQIA174JK7WuckbdRHf5ARCl7w=
github.com/bobg/go-generics/v4 v4.2.0/go.mod h1:KVwpxEYErjvcqjJSJqVNZd/JEq3SsQzb9t01+82pZGw=
github.com/davecgh/go-spew v1.1.2-0.20180830191138-d8f796af33cc h1:U9qPSI2PIWSS1VwoXQT9A3Wy9MM3WgvqSxFWenqJduM=
github.com/davecgh/go-spew v1.1.2-0.20180830191138-d8f796af33cc/go.mod h1:J7Y8YcW2NihsgmVo/mv3lAwl/skON4iLHjSsI+c5H38=
github.com/eclipse/paho.golang v0.23.0 h1:KHgl2wz6EJo7cMBmkuhpt7C576vP+kpPv7jjvSyR6Mk=
github.com/eclipse/paho.golang v0.23.0/go.mod h1:nQRhTkoZv8EAiNs5UU0/WdQIx2NrnWUpL9nsGJTQN04=
github.com/go-errors/errors v1.5.1 h1:ZwEMSLRCapFLflTpT7NKaAc7ukJ8ZPEjzlxt8rPN8bk=
github.com/go-errors/errors v1.5.1/go.mod h1:sIVyrIiJhuEF+Pj9Ebtd6P/rEYROXFi3BopGUQ5a5Og=
github.com/google/go-cmp v0.7.0 h1:wk8382ETsv4JYUZwIsn6YpYiWiBsYLSJiTsyBybVuN8=
github.com/google/go-cmp v0.7.0/go.mod h1:pXiqmnSA92OHEEa9HXL2W4E7lf9JzCmGVUdgjX3N/iU=
github.com/gorilla/websocket v1.5.3 h1:saDtZ6Pbx/0u+bgYQ3q96pZgCzfhKXGPqt7kZ72aNNg=
github.com/gorilla/websocket v1.5.3/go.mod h1:YR8l580nyteQvAITg2hZ9XVh4b55+EU/adAjf1fMHhE=
github.com/nvx/go-apdu v1.0.1 h1:2VKSNElDYuuAZJrc/5gBcxp8DVbwVGfaI2o4vFi7MGY=
github.com/nvx/go-apdu v1.0.1/go.mod h1:OHE1GjdAVqZOlMw8YQuEDojdHL9LhFedqiPqn+jLxiM=
github.com/nvx/go-cryptobyte v1.0.1 h1:kjeY7yaDfx1RC1TnjOJMBq65P0I4JxhbZ9Bhk9IDnRA=
github.com/nvx/go-cryptobyte v1.0.1/go.mod h1:QpqG3/2uPV+c+38aEQ4k+slbCY3hFlukBiDxFyoTe/Y=
github.com/nvx/go-rfid v1.0.0 h1:v+gj40o2z4DmC7V98L2RILJ4rM6VeIuggn4DF86H6sI=
github.com/nvx/go-rfid v1.0.0/go.mod h1:jbRoXBn9SUqTTSqt3c+UZIJ/dvm/rgRx5am8Ul0YY+Y=
github.com/nvx/go-subspace-relay v0.0.24 h1:YaYSb+xbP20q58i8/hsEIAwV1pAhD3m34WZbLB+NUSA=
github.com/nvx/go-subspace-relay v0.0.24/go.mod h1:fGkDR82QURTpHLkfNmFXqiFb/CsDeHRBTxsHTw/dXf4=
github.com/nvx/go-subspace-relay-logger v0.0.3 h1:70bdd3LwE6VTyNkAu9AxoJRP6mt4KxtaoEsTOmKa1to=
github.com/nvx/go-subspace-relay-logger v0.0.3/go.mod h1:azkbYgBuVmk1L8EwT5aHj3cj+J+mlL05a8GRByz7rGc=
github.com/nvx/subspace-relay v1.0.12 h1:OoybGbW15FtQz4NopIcYZTz6v0jwManhQrdg763FP/U=
github.com/nvx/subspace-relay v1.0.12/go.mod h1:1ZnvIVRURSG3OCvyqpjEIgFEpk/HPs4jnRDd1xmvbYo=
github.com/pkg/errors v0.9.1 h1:FEBLx1zS214owpjy7qsBeixbURkuhQAwrK5UwLGTwt4=
github.com/pkg/errors v0.9.1/go.mod h1:bwawxfHBFNV+L2hUp1rHADufV3IMtnDRdf1r5NINEl0=
github.com/pmezard/go-difflib v1.0.1-0.20181226105442-5d4384ee4fb2 h1:Jamvg5psRIccs7FGNTlIRMkT8wgtp5eCXdBlqhYGL6U=
github.com/pmezard/go-difflib v1.0.1-0.20181226105442-5d4384ee4fb2/go.mod h1:iKH77koFhYxTK1pcRnkKkqfTogsbg7gZNVY4sRDYZ/4=
github.com/stretchr/testify v1.11.1 h1:7s2iGBzp5EwR7/aIZr8ao5+dra3wiQyKjjFuvgVKu7U=
github.com/stretchr/testify v1.11.1/go.mod h1:wZwfW3scLgRK+23gO65QZefKpKQRnfz6sD981Nm4B6U=
github.com/thessem/zap-prettyconsole v0.7.0 h1:NIBesiXkPAewO9UEWtIm2kY6oWV0MKndJ/zeATCKyd8=
github.com/thessem/zap-prettyconsole v0.7.0/go.mod h1:VxXZiwztq2kvlHIFltV338vM0eOWuupGJI4z/8QOyRY=
go.uber.org/goleak v1.3.0 h1:2K3zAYmnTNqV73imy9J1T3WC+gmCePx2hEGkimedGto=
go.uber.org/goleak v1.3.0/go.mod h1:CoHD4mav9JJNrW/WLlf7HGZPjdw8EucARQHekz1X6bE=
go.uber.org/multierr v1.11.0 h1:blXXJkSxSSfBVBlC76pxqeO+LN3aDfLQo+309xJstO0=
go.uber.org/multierr v1.11.0/go.mod h1:20+QtiLqy0Nd6FdQB9TLXag12DsQkrbs3htMFfDN80Y=
go.uber.org/zap v1.28.0 h1:IZzaP1Fv73/T/pBMLk4VutPl36uNC+OSUh3JLG3FIjo=
go.uber.org/zap v1.28.0/go.mod h1:rDLpOi171uODNm/mxFcuYWxDsqWSAVkFdX4XojSKg/Q=
go.uber.org/zap/exp v0.3.0 h1:6JYzdifzYkGmTdRR59oYH+Ng7k49H9qVpWwNSsGJj3U=
go.uber.org/zap/exp v0.3.0/go.mod h1:5I384qq7XGxYyByIhHm6jg5CHkGY0nsTfbDLgDDlgJQ=
go.yaml.in/yaml/v3 v3.0.4 h1:tfq32ie2Jv2UxXFdLJdh3jXuOzWiL1fo0bu/FbuKpbc=
go.yaml.in/yaml/v3 v3.0.4/go.mod h1:DhzuOOF2ATzADvBadXxruRBLzYTpT36CKvDb3+aBEFg=
golang.org/x/net v0.58.0 h1:ynWG7rqYi4ccpTEuPZ2QGWHktVEM9DMCj9yzDE0Q7To=
golang.org/x/net v0.58.0/go.mod h1:YwCddHnFlT7eLQqVprV19OnhLGtc5xOKgE0RyqgfWAU=
golang.org/x/sync v0.22.0 h1:SZjpbeLmrCk4xhRSZFNZW5gFUeCeFgjekvI/+gfScek=
golang.org/x/sync v0.22.0/go.mod h1:9xrNwdLfx4jkKbNva9FpL6vEN7evnE43NNNJQ2LF3+0=
google.golang.org/protobuf v1.36.12 h1:pJOKDDOyeXErUroCihFAd5LQuwXBSpVnKGrj5o/fwxc=
google.golang.org/protobuf v1.36.12/go.mod h1:HTf+CrKn2C3g5S8VImy6tdcUvCska2kB7j23XfzDpco=
gopkg.in/yaml.v3 v3.0.1 h1:fxVm/GzAzEWqLHuvctI91KS9hhNmmWOoWu0XTYJS7CA=
gopkg.in/yaml.v3 v3.0.1/go.mod h1:K4uyk7z7BCEPqu6E+C64Yfv1cQ7kz7rIZviUmN+EgEM=
